
Microsoft Visual Studio Solution File, Format Version 12.00
# Visual Studio Version 17
VisualStudioVersion = 17.13.35806.99 d17.13
MinimumVisualStudioVersion = 10.0.40219.1
Project("{FAE04EC0-301F-11D3-BF4B-00C04F79EFBC}") = "20 Valid Parentheses", "20 Valid Parentheses\20 Valid Parentheses.csproj", "{2C8CF25D-BD3F-48E8-971A-AD80BBD8818E}"
EndProject
Global
	GlobalSection(SolutionConfigurationPlatforms) = preSolution
		Debug|Any CPU = Debug|Any CPU
		Release|Any CPU = Release|Any CPU
	EndGlobalSection
	GlobalSection(ProjectConfigurationPlatforms) = postSolution
		{2C8CF25D-BD3F-48E8-971A-AD80BBD8818E}.Debug|Any CPU.ActiveCfg = Debug|Any CPU
		{2C8CF25D-BD3F-48E8-971A-AD80BBD8818E}.Debug|Any CPU.Build.0 = Debug|Any CPU
		{2C8CF25D-BD3F-48E8-971A-AD80BBD8818E}.Release|Any CPU.ActiveCfg = Release|Any CPU
		{2C8CF25D-BD3F-48E8-971A-AD80BBD8818E}.Release|Any CPU.Build.0 = Release|Any CPU
	EndGlobalSection
	GlobalSection(SolutionProperties) = preSolution
		HideSolutionNode = FALSE
	EndGlobalSection
	GlobalSection(ExtensibilityGlobals) = postSolution
		SolutionGuid = {D49A258E-87A7-49AB-B48E-FC4D068E8FEC}
	EndGlobalSection
EndGlobal
